
Microsoft Visual Studio Solution File, Format Version 12.00
# Visual Studio Version 16
VisualStudioVersion = 16.0.29509.3
MinimumVisualStudioVersion = 10.0.40219.1
Project("{FAE04EC0-301F-11D3-BF4B-00C04F79EFBC}") = "Permutation_Lab1", "Permutation_Lab1\Permutation_Lab1.csproj", "{DBC7B0C0-88C6-4193-A477-19EAE9E6E9E2}"
EndProject
Project("{FAE04EC0-301F-11D3-BF4B-00C04F79EFBC}") = "8Queens_A", "8Queens_A\8Queens_A.csproj", "{71BB3674-23B1-4993-9247-52DBAC4459FA}"
EndProject
Global
	GlobalSection(SolutionConfigurationPlatforms) = preSolution
		Debug|Any CPU = Debug|Any CPU
		Release|Any CPU = Release|Any CPU
	EndGlobalSection
	GlobalSection(ProjectConfigurationPlatforms) = postSolution
		{DBC7B0C0-88C6-4193-A477-19EAE9E6E9E2}.Debug|Any CPU.ActiveCfg = Debug|Any CPU
		{DBC7B0C0-88C6-4193-A477-19EAE9E6E9E2}.Debug|Any CPU.Build.0 = Debug|Any CPU
		{DBC7B0C0-88C6-4193-A477-19EAE9E6E9E2}.Release|Any CPU.ActiveCfg = Release|Any CPU
		{DBC7B0C0-88C6-4193-A477-19EAE9E6E9E2}.Release|Any CPU.Build.0 = Release|Any CPU
		{71BB3674-23B1-4993-9247-52DBAC4459FA}.Debug|Any CPU.ActiveCfg = Debug|Any CPU
		{71BB3674-23B1-4993-9247-52DBAC4459FA}.Debug|Any CPU.Build.0 = Debug|Any CPU
		{71BB3674-23B1-4993-9247-52DBAC4459FA}.Release|Any CPU.ActiveCfg = Release|Any CPU
		{71BB3674-23B1-4993-9247-52DBAC4459FA}.Release|Any CPU.Build.0 = Release|Any CPU
	EndGlobalSection
	GlobalSection(SolutionProperties) = preSolution
		HideSolutionNode = FALSE
	EndGlobalSection
	GlobalSection(ExtensibilityGlobals) = postSolution
		SolutionGuid = {5334A480-B130-47F6-A856-BEB12F48764C}
	EndGlobalSection
EndGlobal
